<?xml version="1.0" encoding="utf-8"?>
<Project ToolsVersion="4.0" xmlns="http://schemas.microsoft.com/developer/msbuild/2003">
  <ItemGroup>
    <Filter Include="Source Files">
      <UniqueIdentifier>{4FC737F1-C7A5-4376-A066-2A32D752A2FF}</UniqueIdentifier>
      <Extensions>cpp;c;cc;cxx;c++;cppm;ixx;def;odl;idl;hpj;bat;asm;asmx</Extensions>
    </Filter>
    <Filter Include="Header Files">
      <UniqueIdentifier>{93995380-89BD-4b04-88EB-625FBE52EBFB}</UniqueIdentifier>
      <Extensions>h;hh;hpp;hxx;h++;hm;inl;inc;ipp;xsd</Extensions>
    </Filter>
    <Filter Include="Resource Files">
      <UniqueIdentifier>{67DA6AB6-F800-4c08-8B7A-83BB121AAD01}</UniqueIdentifier>
      <Extensions>rc;ico;cur;bmp;dlg;rc2;rct;bin;rgs;gif;jpg;jpeg;jpe;resx;tiff;tif;png;wav;mfcribbon-ms</Extensions>
    </Filter>
    <Filter Include="Source Files\Hooks">
      <UniqueIdentifier>{0fb0b1fc-9f70-442f-856c-6e69556a8572}</UniqueIdentifier>
    </Filter>
    <Filter Include="Resource Files\MinHook">
      <UniqueIdentifier>{b9149e52-5f29-43a9-b3f7-0c15a9d8872e}</UniqueIdentifier>
    </Filter>
    <Filter Include="Resource Files\INIReader">
      <UniqueIdentifier>{c6e2b152-95d2-4e51-904a-9f8c58690653}</UniqueIdentifier>
    </Filter>
    <Filter Include="Source Files\RandomiserProperties">
      <UniqueIdentifier>{e490b0ac-a3aa-49cb-a63e-81da67ca4fe6}</UniqueIdentifier>
    </Filter>
    <Filter Include="Source Files\Randomiser">
      <UniqueIdentifier>{beeff5ed-64b1-4d1a-a9b6-5ef6e2f7c4f6}</UniqueIdentifier>
    </Filter>
  </ItemGroup>
  <ItemGroup>
    <ClCompile Include="dllmain.cpp">
      <Filter>Source Files</Filter>
    </ClCompile>
    <ClCompile Include="item_randomiser_main.cpp">
      <Filter>Source Files</Filter>
    </ClCompile>
    <ClCompile Include="Hooks\item_randomiser_hooks.cpp">
      <Filter>Source Files\Hooks</Filter>
    </ClCompile>
    <ClCompile Include="MinHook\src\buffer.c">
      <Filter>Resource Files\MinHook</Filter>
    </ClCompile>
    <ClCompile Include="MinHook\src\hook.c">
      <Filter>Resource Files\MinHook</Filter>
    </ClCompile>
    <ClCompile Include="MinHook\src\trampoline.c">
      <Filter>Resource Files\MinHook</Filter>
    </ClCompile>
    <ClCompile Include="MinHook\src\HDE\hde32.c">
      <Filter>Resource Files\MinHook</Filter>
    </ClCompile>
    <ClCompile Include="MinHook\src\HDE\hde64.c">
      <Filter>Resource Files\MinHook</Filter>
    </ClCompile>
    <ClCompile Include="INIReader\ini.cpp">
      <Filter>Resource Files\INIReader</Filter>
    </ClCompile>
    <ClCompile Include="INIReader\INIReader.cpp">
      <Filter>Resource Files\INIReader</Filter>
    </ClCompile>
    <ClCompile Include="RandomiserProperties\randomiser_properties.cpp">
      <Filter>Source Files\RandomiserProperties</Filter>
    </ClCompile>
    <ClCompile Include="Randomiser\randomiser.cpp">
      <Filter>Source Files\Randomiser</Filter>
    </ClCompile>
  </ItemGroup>
  <ItemGroup>
    <ClInclude Include="item_randomiser_main.h">
      <Filter>Source Files</Filter>
    </ClInclude>
    <ClInclude Include="Hooks\item_randomiser_hooks.h">
      <Filter>Source Files\Hooks</Filter>
    </ClInclude>
    <ClInclude Include="MinHook\include\MinHook.h">
      <Filter>Resource Files\MinHook</Filter>
    </ClInclude>
    <ClInclude Include="MinHook\src\buffer.h">
      <Filter>Resource Files\MinHook</Filter>
    </ClInclude>
    <ClInclude Include="MinHook\src\trampoline.h">
      <Filter>Resource Files\MinHook</Filter>
    </ClInclude>
    <ClInclude Include="MinHook\src\HDE\hde32.h">
      <Filter>Resource Files\MinHook</Filter>
    </ClInclude>
    <ClInclude Include="MinHook\src\HDE\hde64.h">
      <Filter>Resource Files\MinHook</Filter>
    </ClInclude>
    <ClInclude Include="MinHook\src\HDE\pstdint.h">
      <Filter>Resource Files\MinHook</Filter>
    </ClInclude>
    <ClInclude Include="MinHook\src\HDE\table32.h">
      <Filter>Resource Files\MinHook</Filter>
    </ClInclude>
    <ClInclude Include="MinHook\src\HDE\table64.h">
      <Filter>Resource Files\MinHook</Filter>
    </ClInclude>
    <ClInclude Include="INIReader\ini.h">
      <Filter>Resource Files\INIReader</Filter>
    </ClInclude>
    <ClInclude Include="INIReader\INIReader.h">
      <Filter>Resource Files\INIReader</Filter>
    </ClInclude>
    <ClInclude Include="RandomiserProperties\randomiser_properties.h">
      <Filter>Source Files\RandomiserProperties</Filter>
    </ClInclude>
    <ClInclude Include="item_randomiser_globals.h">
      <Filter>Source Files</Filter>
    </ClInclude>
    <ClInclude Include="Randomiser\randomiser.h">
      <Filter>Source Files\Randomiser</Filter>
    </ClInclude>
  </ItemGroup>
</Project>